
Microsoft Visual Studio Solution File, Format Version 12.00
# Visual Studio Version 17
VisualStudioVersion = 17.9.34622.214
MinimumVisualStudioVersion = 10.0.40219.1
Project("{FAE04EC0-301F-11D3-BF4B-00C04F79EFBC}") = "Goruntu-Isleme", "Goruntu-Isleme.csproj", "{3B069FB9-1A86-4C9F-B85F-65FE47BD3690}"
EndProject
Global
	GlobalSection(SolutionConfigurationPlatforms) = preSolution
		Debug|Any CPU = Debug|Any CPU
		Release|Any CPU = Release|Any CPU
	EndGlobalSection
	GlobalSection(ProjectConfigurationPlatforms) = postSolution
		{3B069FB9-1A86-4C9F-B85F-65FE47BD3690}.Debug|Any CPU.ActiveCfg = Debug|Any CPU
		{3B069FB9-1A86-4C9F-B85F-65FE47BD3690}.Debug|Any CPU.Build.0 = Debug|Any CPU
		{3B069FB9-1A86-4C9F-B85F-65FE47BD3690}.Release|Any CPU.ActiveCfg = Release|Any CPU
		{3B069FB9-1A86-4C9F-B85F-65FE47BD3690}.Release|Any CPU.Build.0 = Release|Any CPU
	EndGlobalSection
	GlobalSection(SolutionProperties) = preSolution
		HideSolutionNode = FALSE
	EndGlobalSection
	GlobalSection(ExtensibilityGlobals) = postSolution
		SolutionGuid = {D81D94B7-5A1C-472C-AE65-36E6BCA9FDC9}
	EndGlobalSection
EndGlobal
